github.com/alex-shpak/hugo-book v0.0.0-20241008135046-2b7a0e87c370 h1:UEjYoVwetYmhmETJ+zabAyaWsNOCSs80FT9Or1iwF4s=
github.com/alex-shpak/hugo-book v0.0.0-20241008135046-2b7a0e87c370/go.mod h1:L4NMyzbn15fpLIpmmtDg9ZFFyTZzw87/lk7M2bMQ7ds=
github.com/imfing/hextra v0.8.4 h1:cR4asr0TeDlqHPHLdTpMQJOjVeXnq8nfLMzcF0pld+w=
github.com/imfing/hextra v0.8.4/go.mod h1:cEfel3lU/bSx7lTE/+uuR4GJaphyOyiwNR3PTqFTXpI=
